schema: '2.0'
stages:
  data_ingestion:
    cmd: python src/data_ingestion.py
    deps:
    - path: src/data_ingestion.py
      hash: md5
      md5: 38b760b8081d320796f7604d5b560456
      size: 4031
    outs:
    - path: data/raw
      hash: md5
      md5: 1a287d34dc172d9f950c03dae35f7e73.dir
      size: 484846
      nfiles: 2
  data_preprocessing:
    cmd: python src/data_preprocessing.py
    deps:
    - path: data/raw
      hash: md5
      md5: 1a287d34dc172d9f950c03dae35f7e73.dir
      size: 484846
      nfiles: 2
    - path: src/data_preprocessing.py
      hash: md5
      md5: 4aa94c67f42dfecf625899bfae372371
      size: 4005
    outs:
    - path: data/interim
      hash: md5
      md5: d99be5cb2b019d747166f90739fa6d08.dir
      size: 260073
      nfiles: 2
  feature_engineering:
    cmd: python src/feature_engineering.py
    deps:
    - path: data/interim
      hash: md5
      md5: d99be5cb2b019d747166f90739fa6d08.dir
      size: 260073
      nfiles: 2
    - path: src/feature_engineering.py
      hash: md5
      md5: a8081f9933df6579ae7022b7b29b6ac4
      size: 3975
    outs:
    - path: data/processed
      hash: md5
      md5: c0d85ddb7ab99b6171fc723bffeee71f.dir
      size: 1180012
      nfiles: 2
  model_training:
    cmd: python src/model_training.py
    deps:
    - path: data/processed
      hash: md5
      md5: c0d85ddb7ab99b6171fc723bffeee71f.dir
      size: 1180012
      nfiles: 2
    - path: src/model_training.py
      hash: md5
      md5: 88c1842bd9a7680ae460335fe4d43131
      size: 4767
    outs:
    - path: models/model.pkl
      hash: md5
      md5: 8d1f0d9cb3783bb853f3fa2d5b3263c2
      size: 998454
  model_evaluation:
    cmd: python src/model_evaluation.py
    deps:
    - path: models/model.pkl
      hash: md5
      md5: 8d1f0d9cb3783bb853f3fa2d5b3263c2
      size: 998454
    - path: src/model_evaluation.py
      hash: md5
      md5: 0c32711989654643d89c274129f7d091
      size: 4651
    outs:
    - path: reports/metrics.json
      hash: md5
      md5: eac6afc8901064a391e7366797af3727
      size: 145
