schema: '2.0'
stages:
  data_ingestion:
    cmd: python src/data_ingestion.py
    deps:
    - path: src/data_ingestion.py
      hash: md5
      md5: 5150d3b1f77e287f19bd4e3a4cbbba60
      size: 3639
    params:
      params.yaml:
        data_ingestion.test_size: 0.1
    outs:
    - path: data/raw
      hash: md5
      md5: 9097e041a34df9054caed15688df1464.dir
      size: 484846
      nfiles: 2
  data_preprocessing:
    cmd: python src/data_preprocessing.py
    deps:
    - path: data/raw
      hash: md5
      md5: 9097e041a34df9054caed15688df1464.dir
      size: 484846
      nfiles: 2
    - path: src/data_preprocessing.py
      hash: md5
      md5: 4aa94c67f42dfecf625899bfae372371
      size: 4005
    outs:
    - path: data/interim
      hash: md5
      md5: 372e18bfa771372d41b683bc64b32377.dir
      size: 257605
      nfiles: 2
  feature_engineering:
    cmd: python src/feature_engineering.py
    deps:
    - path: data/interim
      hash: md5
      md5: 372e18bfa771372d41b683bc64b32377.dir
      size: 257605
      nfiles: 2
    - path: src/feature_engineering.py
      hash: md5
      md5: e09e44183648e47eb41f53a12be3ca76
      size: 3975
    params:
      params.yaml:
        feature_engineering.max_features: 30
    outs:
    - path: data/processed
      hash: md5
      md5: 0ac8c84ef7fa79d0d33aefe775ee7149.dir
      size: 714688
      nfiles: 2
  model_training:
    cmd: python src/model_training.py
    deps:
    - path: data/processed
      hash: md5
      md5: 0ac8c84ef7fa79d0d33aefe775ee7149.dir
      size: 714688
      nfiles: 2
    - path: src/model_training.py
      hash: md5
      md5: 963fa9d08ef5eb61d9231a60b58397bb
      size: 4767
    params:
      params.yaml:
        model_training.n_estimators: 20
        model_training.random_state: 2
    outs:
    - path: models/model.pkl
      hash: md5
      md5: d59d594cb4401b6e288988a10b09ec01
      size: 645123
  model_evaluation:
    cmd: python src/model_evaluation.py
    deps:
    - path: models/model.pkl
      hash: md5
      md5: d59d594cb4401b6e288988a10b09ec01
      size: 645123
    - path: src/model_evaluation.py
      hash: md5
      md5: 89de1980d055ff26c0023e944aba19f1
      size: 4714
    outs:
    - path: reports/metrics.json
      hash: md5
      md5: 414e1ec12c773d9a19b5ed80d64f9bf7
      size: 144
